
Microsoft Visual Studio Solution File, Format Version 12.00
# Visual Studio 15
VisualStudioVersion = 15.0.26730.8
MinimumVisualStudioVersion = 10.0.40219.1
Project("{FAE04EC0-301F-11D3-BF4B-00C04F79EFBC}") = "LocalFilesDatabase.FSControls", "LocalFilesDatabase.FSControls\LocalFilesDatabase.FSControls.csproj", "{B4AC29AB-AF06-4644-99B5-C19E17500DD0}"
EndProject
Project("{FAE04EC0-301F-11D3-BF4B-00C04F79EFBC}") = "DirectoryBrowser", "DirectoryBrowser\DirectoryBrowser.csproj", "{57DA7894-3C96-4A15-A672-A480A16633DD}"
EndProject
Project("{FAE04EC0-301F-11D3-BF4B-00C04F79EFBC}") = "DirectoryBrowser.WebServer", "DirectoryBrowser.WebServer\DirectoryBrowser.WebServer.csproj", "{9ACD23E2-B3FA-44BB-B843-19A490BDD1E6}"
EndProject
Global
	GlobalSection(SolutionConfigurationPlatforms) = preSolution
		Debug|Any CPU = Debug|Any CPU
		Debug|ARM = Debug|ARM
		Debug|x64 = Debug|x64
		Debug|x86 = Debug|x86
		Release|Any CPU = Release|Any CPU
		Release|ARM = Release|ARM
		Release|x64 = Release|x64
		Release|x86 = Release|x86
	EndGlobalSection
	GlobalSection(ProjectConfigurationPlatforms) = postSolution
		{B4AC29AB-AF06-4644-99B5-C19E17500DD0}.Debug|Any CPU.ActiveCfg = Debug|Any CPU
		{B4AC29AB-AF06-4644-99B5-C19E17500DD0}.Debug|Any CPU.Build.0 = Debug|Any CPU
		{B4AC29AB-AF06-4644-99B5-C19E17500DD0}.Debug|ARM.ActiveCfg = Debug|Any CPU
		{B4AC29AB-AF06-4644-99B5-C19E17500DD0}.Debug|ARM.Build.0 = Debug|Any CPU
		{B4AC29AB-AF06-4644-99B5-C19E17500DD0}.Debug|x64.ActiveCfg = Debug|Any CPU
		{B4AC29AB-AF06-4644-99B5-C19E17500DD0}.Debug|x64.Build.0 = Debug|Any CPU
		{B4AC29AB-AF06-4644-99B5-C19E17500DD0}.Debug|x86.ActiveCfg = Debug|Any CPU
		{B4AC29AB-AF06-4644-99B5-C19E17500DD0}.Debug|x86.Build.0 = Debug|Any CPU
		{B4AC29AB-AF06-4644-99B5-C19E17500DD0}.Release|Any CPU.ActiveCfg = Release|Any CPU
		{B4AC29AB-AF06-4644-99B5-C19E17500DD0}.Release|Any CPU.Build.0 = Release|Any CPU
		{B4AC29AB-AF06-4644-99B5-C19E17500DD0}.Release|ARM.ActiveCfg = Release|Any CPU
		{B4AC29AB-AF06-4644-99B5-C19E17500DD0}.Release|ARM.Build.0 = Release|Any CPU
		{B4AC29AB-AF06-4644-99B5-C19E17500DD0}.Release|x64.ActiveCfg = Release|Any CPU
		{B4AC29AB-AF06-4644-99B5-C19E17500DD0}.Release|x64.Build.0 = Release|Any CPU
		{B4AC29AB-AF06-4644-99B5-C19E17500DD0}.Release|x86.ActiveCfg = Release|Any CPU
		{B4AC29AB-AF06-4644-99B5-C19E17500DD0}.Release|x86.Build.0 = Release|Any CPU
		{57DA7894-3C96-4A15-A672-A480A16633DD}.Debug|Any CPU.ActiveCfg = Debug|Any CPU
		{57DA7894-3C96-4A15-A672-A480A16633DD}.Debug|Any CPU.Build.0 = Debug|Any CPU
		{57DA7894-3C96-4A15-A672-A480A16633DD}.Debug|ARM.ActiveCfg = Debug|Any CPU
		{57DA7894-3C96-4A15-A672-A480A16633DD}.Debug|ARM.Build.0 = Debug|Any CPU
		{57DA7894-3C96-4A15-A672-A480A16633DD}.Debug|x64.ActiveCfg = Debug|Any CPU
		{57DA7894-3C96-4A15-A672-A480A16633DD}.Debug|x64.Build.0 = Debug|Any CPU
		{57DA7894-3C96-4A15-A672-A480A16633DD}.Debug|x86.ActiveCfg = Debug|Any CPU
		{57DA7894-3C96-4A15-A672-A480A16633DD}.Debug|x86.Build.0 = Debug|Any CPU
		{57DA7894-3C96-4A15-A672-A480A16633DD}.Release|Any CPU.ActiveCfg = Release|Any CPU
		{57DA7894-3C96-4A15-A672-A480A16633DD}.Release|Any CPU.Build.0 = Release|Any CPU
		{57DA7894-3C96-4A15-A672-A480A16633DD}.Release|ARM.ActiveCfg = Release|Any CPU
		{57DA7894-3C96-4A15-A672-A480A16633DD}.Release|ARM.Build.0 = Release|Any CPU
		{57DA7894-3C96-4A15-A672-A480A16633DD}.Release|x64.ActiveCfg = Release|Any CPU
		{57DA7894-3C96-4A15-A672-A480A16633DD}.Release|x64.Build.0 = Release|Any CPU
		{57DA7894-3C96-4A15-A672-A480A16633DD}.Release|x86.ActiveCfg = Release|Any CPU
		{57DA7894-3C96-4A15-A672-A480A16633DD}.Release|x86.Build.0 = Release|Any CPU
		{9ACD23E2-B3FA-44BB-B843-19A490BDD1E6}.Debug|Any CPU.ActiveCfg = Debug|Any CPU
		{9ACD23E2-B3FA-44BB-B843-19A490BDD1E6}.Debug|Any CPU.Build.0 = Debug|Any CPU
		{9ACD23E2-B3FA-44BB-B843-19A490BDD1E6}.Debug|ARM.ActiveCfg = Debug|Any CPU
		{9ACD23E2-B3FA-44BB-B843-19A490BDD1E6}.Debug|ARM.Build.0 = Debug|Any CPU
		{9ACD23E2-B3FA-44BB-B843-19A490BDD1E6}.Debug|x64.ActiveCfg = Debug|Any CPU
		{9ACD23E2-B3FA-44BB-B843-19A490BDD1E6}.Debug|x64.Build.0 = Debug|Any CPU
		{9ACD23E2-B3FA-44BB-B843-19A490BDD1E6}.Debug|x86.ActiveCfg = Debug|Any CPU
		{9ACD23E2-B3FA-44BB-B843-19A490BDD1E6}.Debug|x86.Build.0 = Debug|Any CPU
		{9ACD23E2-B3FA-44BB-B843-19A490BDD1E6}.Release|Any CPU.ActiveCfg = Release|Any CPU
		{9ACD23E2-B3FA-44BB-B843-19A490BDD1E6}.Release|Any CPU.Build.0 = Release|Any CPU
		{9ACD23E2-B3FA-44BB-B843-19A490BDD1E6}.Release|ARM.ActiveCfg = Release|Any CPU
		{9ACD23E2-B3FA-44BB-B843-19A490BDD1E6}.Release|ARM.Build.0 = Release|Any CPU
		{9ACD23E2-B3FA-44BB-B843-19A490BDD1E6}.Release|x64.ActiveCfg = Release|Any CPU
		{9ACD23E2-B3FA-44BB-B843-19A490BDD1E6}.Release|x64.Build.0 = Release|Any CPU
		{9ACD23E2-B3FA-44BB-B843-19A490BDD1E6}.Release|x86.ActiveCfg = Release|Any CPU
		{9ACD23E2-B3FA-44BB-B843-19A490BDD1E6}.Release|x86.Build.0 = Release|Any CPU
	EndGlobalSection
	GlobalSection(SolutionProperties) = preSolution
		HideSolutionNode = FALSE
	EndGlobalSection
	GlobalSection(ExtensibilityGlobals) = postSolution
		SolutionGuid = {6FE3DAD8-5725-485B-BD25-B689C80068E7}
	EndGlobalSection
EndGlobal
